
Microsoft Visual Studio Solution File, Format Version 12.00
# Visual Studio 15
VisualStudioVersion = 15.0.26430.16
MinimumVisualStudioVersion = 10.0.40219.1
Project("{9A19103F-16F7-4668-BE54-9A1E7A4F7556}") = "Application.Api", "Application.Api\Application.Api.csproj", "{4BC65E4C-63ED-4505-B7ED-7ACA79DC3E1B}"
EndProject
Project("{FAE04EC0-301F-11D3-BF4B-00C04F79EFBC}") = "Data.Entity", "Data.Entity\Data.Entity.csproj", "{7370D2BE-90D3-4EAB-B795-EE013198520F}"
EndProject
Global
	GlobalSection(SolutionConfigurationPlatforms) = preSolution
		Debug|Any CPU = Debug|Any CPU
		Release|Any CPU = Release|Any CPU
	EndGlobalSection
	GlobalSection(ProjectConfigurationPlatforms) = postSolution
		{4BC65E4C-63ED-4505-B7ED-7ACA79DC3E1B}.Debug|Any CPU.ActiveCfg = Debug|Any CPU
		{4BC65E4C-63ED-4505-B7ED-7ACA79DC3E1B}.Debug|Any CPU.Build.0 = Debug|Any CPU
		{4BC65E4C-63ED-4505-B7ED-7ACA79DC3E1B}.Release|Any CPU.ActiveCfg = Release|Any CPU
		{4BC65E4C-63ED-4505-B7ED-7ACA79DC3E1B}.Release|Any CPU.Build.0 = Release|Any CPU
		{7370D2BE-90D3-4EAB-B795-EE013198520F}.Debug|Any CPU.ActiveCfg = Debug|Any CPU
		{7370D2BE-90D3-4EAB-B795-EE013198520F}.Debug|Any CPU.Build.0 = Debug|Any CPU
		{7370D2BE-90D3-4EAB-B795-EE013198520F}.Release|Any CPU.ActiveCfg = Release|Any CPU
		{7370D2BE-90D3-4EAB-B795-EE013198520F}.Release|Any CPU.Build.0 = Release|Any CPU
	EndGlobalSection
	GlobalSection(SolutionProperties) = preSolution
		HideSolutionNode = FALSE
	EndGlobalSection
EndGlobal
