
Microsoft Visual Studio Solution File, Format Version 12.00
# Visual Studio 15
VisualStudioVersion = 15.0.26430.16
MinimumVisualStudioVersion = 10.0.40219.1
Project("{9A19103F-16F7-4668-BE54-9A1E7A4F7556}") = "Application.Api", "Application.Api\Application.Api.csproj", "{4BC65E4C-63ED-4505-B7ED-7ACA79DC3E1B}"
EndProject
Project("{9A19103F-16F7-4668-BE54-9A1E7A4F7556}") = "Data.Entity", "Data.Entity\Data.Entity.csproj", "{7370D2BE-90D3-4EAB-B795-EE013198520F}"
EndProject
Project("{2150E333-8FDC-42A3-9474-1A3956D46DE8}") = "Business", "Business", "{FE1DFB1D-427E-4C0B-903B-FD32CC377743}"
EndProject
Project("{2150E333-8FDC-42A3-9474-1A3956D46DE8}") = "Application", "Application", "{6BEBA429-E2A6-47C1-A636-0CE3F28FF4C0}"
EndProject
Project("{2150E333-8FDC-42A3-9474-1A3956D46DE8}") = "Test", "Test", "{4CB0E9D1-9DB6-4473-A873-4CB9188B5FB3}"
EndProject
Project("{2150E333-8FDC-42A3-9474-1A3956D46DE8}") = "Data", "Data", "{A9AD819B-ABDE-4576-943D-C3F7C7DA01C2}"
EndProject
Project("{9A19103F-16F7-4668-BE54-9A1E7A4F7556}") = "Service.Common", "Service.Common\Service.Common.csproj", "{53D0A118-6879-452B-BEED-35809CE5F9F6}"
EndProject
Project("{2150E333-8FDC-42A3-9474-1A3956D46DE8}") = "Common", "Common", "{22CE1125-569A-468D-8D7F-84B8B668E457}"
EndProject
Project("{9A19103F-16F7-4668-BE54-9A1E7A4F7556}") = "Common.Validation", "Common.Validation\Common.Validation.csproj", "{7E4A00E0-1708-4879-B44A-9DE73A6F50F5}"
EndProject
Project("{9A19103F-16F7-4668-BE54-9A1E7A4F7556}") = "Service.Category", "Service.Category\Service.Category.csproj", "{9C99CD2E-DC0F-44B9-B6CB-B80480B690F1}"
EndProject
Project("{9A19103F-16F7-4668-BE54-9A1E7A4F7556}") = "Service.Transaction", "Service.Transaction\Service.Transaction.csproj", "{151BAF6A-A2E1-4AF7-9F58-3523148C4F59}"
EndProject
Project("{FAE04EC0-301F-11D3-BF4B-00C04F79EFBC}") = "Common.Log.Test", "Common.Log.Test\Common.Log.Test.csproj", "{8D59463B-1DFD-4088-A057-9963EBB379CB}"
EndProject
Project("{9A19103F-16F7-4668-BE54-9A1E7A4F7556}") = "Common.Log", "Common.Log\Common.Log.csproj", "{91A234F5-93B2-4573-8A26-84C17C27CF79}"
EndProject
Global
	GlobalSection(SolutionConfigurationPlatforms) = preSolution
		Debug|Any CPU = Debug|Any CPU
		Release|Any CPU = Release|Any CPU
	EndGlobalSection
	GlobalSection(ProjectConfigurationPlatforms) = postSolution
		{4BC65E4C-63ED-4505-B7ED-7ACA79DC3E1B}.Debug|Any CPU.ActiveCfg = Debug|Any CPU
		{4BC65E4C-63ED-4505-B7ED-7ACA79DC3E1B}.Debug|Any CPU.Build.0 = Debug|Any CPU
		{4BC65E4C-63ED-4505-B7ED-7ACA79DC3E1B}.Release|Any CPU.ActiveCfg = Release|Any CPU
		{4BC65E4C-63ED-4505-B7ED-7ACA79DC3E1B}.Release|Any CPU.Build.0 = Release|Any CPU
		{7370D2BE-90D3-4EAB-B795-EE013198520F}.Debug|Any CPU.ActiveCfg = Debug|Any CPU
		{7370D2BE-90D3-4EAB-B795-EE013198520F}.Debug|Any CPU.Build.0 = Debug|Any CPU
		{7370D2BE-90D3-4EAB-B795-EE013198520F}.Release|Any CPU.ActiveCfg = Release|Any CPU
		{7370D2BE-90D3-4EAB-B795-EE013198520F}.Release|Any CPU.Build.0 = Release|Any CPU
		{53D0A118-6879-452B-BEED-35809CE5F9F6}.Debug|Any CPU.ActiveCfg = Debug|Any CPU
		{53D0A118-6879-452B-BEED-35809CE5F9F6}.Debug|Any CPU.Build.0 = Debug|Any CPU
		{53D0A118-6879-452B-BEED-35809CE5F9F6}.Release|Any CPU.ActiveCfg = Release|Any CPU
		{53D0A118-6879-452B-BEED-35809CE5F9F6}.Release|Any CPU.Build.0 = Release|Any CPU
		{7E4A00E0-1708-4879-B44A-9DE73A6F50F5}.Debug|Any CPU.ActiveCfg = Debug|Any CPU
		{7E4A00E0-1708-4879-B44A-9DE73A6F50F5}.Debug|Any CPU.Build.0 = Debug|Any CPU
		{7E4A00E0-1708-4879-B44A-9DE73A6F50F5}.Release|Any CPU.ActiveCfg = Release|Any CPU
		{7E4A00E0-1708-4879-B44A-9DE73A6F50F5}.Release|Any CPU.Build.0 = Release|Any CPU
		{9C99CD2E-DC0F-44B9-B6CB-B80480B690F1}.Debug|Any CPU.ActiveCfg = Debug|Any CPU
		{9C99CD2E-DC0F-44B9-B6CB-B80480B690F1}.Debug|Any CPU.Build.0 = Debug|Any CPU
		{9C99CD2E-DC0F-44B9-B6CB-B80480B690F1}.Release|Any CPU.ActiveCfg = Release|Any CPU
		{9C99CD2E-DC0F-44B9-B6CB-B80480B690F1}.Release|Any CPU.Build.0 = Release|Any CPU
		{151BAF6A-A2E1-4AF7-9F58-3523148C4F59}.Debug|Any CPU.ActiveCfg = Debug|Any CPU
		{151BAF6A-A2E1-4AF7-9F58-3523148C4F59}.Debug|Any CPU.Build.0 = Debug|Any CPU
		{151BAF6A-A2E1-4AF7-9F58-3523148C4F59}.Release|Any CPU.ActiveCfg = Release|Any CPU
		{151BAF6A-A2E1-4AF7-9F58-3523148C4F59}.Release|Any CPU.Build.0 = Release|Any CPU
		{8D59463B-1DFD-4088-A057-9963EBB379CB}.Debug|Any CPU.ActiveCfg = Debug|Any CPU
		{8D59463B-1DFD-4088-A057-9963EBB379CB}.Debug|Any CPU.Build.0 = Debug|Any CPU
		{8D59463B-1DFD-4088-A057-9963EBB379CB}.Release|Any CPU.ActiveCfg = Release|Any CPU
		{8D59463B-1DFD-4088-A057-9963EBB379CB}.Release|Any CPU.Build.0 = Release|Any CPU
		{91A234F5-93B2-4573-8A26-84C17C27CF79}.Debug|Any CPU.ActiveCfg = Debug|Any CPU
		{91A234F5-93B2-4573-8A26-84C17C27CF79}.Debug|Any CPU.Build.0 = Debug|Any CPU
		{91A234F5-93B2-4573-8A26-84C17C27CF79}.Release|Any CPU.ActiveCfg = Release|Any CPU
		{91A234F5-93B2-4573-8A26-84C17C27CF79}.Release|Any CPU.Build.0 = Release|Any CPU
	EndGlobalSection
	GlobalSection(SolutionProperties) = preSolution
		HideSolutionNode = FALSE
	EndGlobalSection
	GlobalSection(NestedProjects) = preSolution
		{4BC65E4C-63ED-4505-B7ED-7ACA79DC3E1B} = {6BEBA429-E2A6-47C1-A636-0CE3F28FF4C0}
		{7370D2BE-90D3-4EAB-B795-EE013198520F} = {A9AD819B-ABDE-4576-943D-C3F7C7DA01C2}
		{53D0A118-6879-452B-BEED-35809CE5F9F6} = {FE1DFB1D-427E-4C0B-903B-FD32CC377743}
		{7E4A00E0-1708-4879-B44A-9DE73A6F50F5} = {22CE1125-569A-468D-8D7F-84B8B668E457}
		{9C99CD2E-DC0F-44B9-B6CB-B80480B690F1} = {FE1DFB1D-427E-4C0B-903B-FD32CC377743}
		{151BAF6A-A2E1-4AF7-9F58-3523148C4F59} = {FE1DFB1D-427E-4C0B-903B-FD32CC377743}
		{8D59463B-1DFD-4088-A057-9963EBB379CB} = {4CB0E9D1-9DB6-4473-A873-4CB9188B5FB3}
		{91A234F5-93B2-4573-8A26-84C17C27CF79} = {22CE1125-569A-468D-8D7F-84B8B668E457}
	EndGlobalSection
EndGlobal
