
Microsoft Visual Studio Solution File, Format Version 12.00
# Visual Studio 15
VisualStudioVersion = 15.0.27130.2024
MinimumVisualStudioVersion = 10.0.40219.1
Project("{9A19103F-16F7-4668-BE54-9A1E7A4F7556}") = "Application.Api", "Application.Api\Application.Api.csproj", "{4BC65E4C-63ED-4505-B7ED-7ACA79DC3E1B}"
EndProject
Project("{9A19103F-16F7-4668-BE54-9A1E7A4F7556}") = "Data.Entity", "Data.Entity\Data.Entity.csproj", "{7370D2BE-90D3-4EAB-B795-EE013198520F}"
EndProject
Project("{2150E333-8FDC-42A3-9474-1A3956D46DE8}") = "Business", "Business", "{FE1DFB1D-427E-4C0B-903B-FD32CC377743}"
EndProject
Project("{2150E333-8FDC-42A3-9474-1A3956D46DE8}") = "Application", "Application", "{6BEBA429-E2A6-47C1-A636-0CE3F28FF4C0}"
EndProject
Project("{2150E333-8FDC-42A3-9474-1A3956D46DE8}") = "Test", "Test", "{4CB0E9D1-9DB6-4473-A873-4CB9188B5FB3}"
EndProject
Project("{2150E333-8FDC-42A3-9474-1A3956D46DE8}") = "Data", "Data", "{A9AD819B-ABDE-4576-943D-C3F7C7DA01C2}"
EndProject
Project("{9A19103F-16F7-4668-BE54-9A1E7A4F7556}") = "Service.Common", "Service.Common\Service.Common.csproj", "{53D0A118-6879-452B-BEED-35809CE5F9F6}"
EndProject
Project("{2150E333-8FDC-42A3-9474-1A3956D46DE8}") = "Common", "Common", "{22CE1125-569A-468D-8D7F-84B8B668E457}"
EndProject
Project("{9A19103F-16F7-4668-BE54-9A1E7A4F7556}") = "Common.Validation", "Common.Validation\Common.Validation.csproj", "{7E4A00E0-1708-4879-B44A-9DE73A6F50F5}"
EndProject
Project("{9A19103F-16F7-4668-BE54-9A1E7A4F7556}") = "Service.Category", "Service.Category\Service.Category.csproj", "{9C99CD2E-DC0F-44B9-B6CB-B80480B690F1}"
EndProject
Project("{9A19103F-16F7-4668-BE54-9A1E7A4F7556}") = "Common.Log.Tests", "Common.Log.Tests\Common.Log.Tests.csproj", "{8D59463B-1DFD-4088-A057-9963EBB379CB}"
EndProject
Project("{9A19103F-16F7-4668-BE54-9A1E7A4F7556}") = "Common.Log", "Common.Log\Common.Log.csproj", "{91A234F5-93B2-4573-8A26-84C17C27CF79}"
EndProject
Project("{9A19103F-16F7-4668-BE54-9A1E7A4F7556}") = "Data.Context", "Data.Context\Data.Context.csproj", "{47AC7BDA-FBBC-43AA-8691-D49C0919FD3A}"
EndProject
Project("{9A19103F-16F7-4668-BE54-9A1E7A4F7556}") = "Service.Payment.IntegrationTests", "Service.Payment.IntegrationTests\Service.Payment.IntegrationTests.csproj", "{EA6CAEAB-B0EB-43E4-B146-15842C87CADC}"
EndProject
Project("{9A19103F-16F7-4668-BE54-9A1E7A4F7556}") = "Common.IoC", "Common.IoC\Common.IoC.csproj", "{24D93FFC-8644-496A-BDC0-7C8DB7995870}"
EndProject
Project("{9A19103F-16F7-4668-BE54-9A1E7A4F7556}") = "Common.IntegrationTests", "Common.Integration.Tests\Common.IntegrationTests.csproj", "{883BC712-8CCD-4A44-A7DB-54C7BF837411}"
EndProject
Project("{9A19103F-16F7-4668-BE54-9A1E7A4F7556}") = "Common.Tests", "Common.Tests\Common.Tests.csproj", "{8702BB72-5D37-42E6-B846-ED2FF1C06578}"
EndProject
Project("{9A19103F-16F7-4668-BE54-9A1E7A4F7556}") = "Service.Payment", "Service.Payment\Service.Payment.csproj", "{58FD3310-10A2-452A-BFD2-0C9A51A920D1}"
EndProject
Project("{9A19103F-16F7-4668-BE54-9A1E7A4F7556}") = "Service.Category.IntegrationTests", "Service.Category.IntegrationTests\Service.Category.IntegrationTests.csproj", "{301E45B0-6E46-491A-8E97-0FF070CFEF5E}"
EndProject
Project("{9A19103F-16F7-4668-BE54-9A1E7A4F7556}") = "Service.Category.Tests", "Service.Category.Tests\Service.Category.Tests.csproj", "{76DDE2D3-83F7-440D-AD0F-FB4F7F5D7C6C}"
EndProject
Project("{FAE04EC0-301F-11D3-BF4B-00C04F79EFBC}") = "Data.Common", "Data.Common\Data.Common.csproj", "{4436AD6D-D9BB-4C2E-845E-B59D2F579505}"
EndProject
Global
	GlobalSection(SolutionConfigurationPlatforms) = preSolution
		Debug|Any CPU = Debug|Any CPU
		Release|Any CPU = Release|Any CPU
	EndGlobalSection
	GlobalSection(ProjectConfigurationPlatforms) = postSolution
		{4BC65E4C-63ED-4505-B7ED-7ACA79DC3E1B}.Debug|Any CPU.ActiveCfg = Debug|Any CPU
		{4BC65E4C-63ED-4505-B7ED-7ACA79DC3E1B}.Debug|Any CPU.Build.0 = Debug|Any CPU
		{4BC65E4C-63ED-4505-B7ED-7ACA79DC3E1B}.Release|Any CPU.ActiveCfg = Release|Any CPU
		{4BC65E4C-63ED-4505-B7ED-7ACA79DC3E1B}.Release|Any CPU.Build.0 = Release|Any CPU
		{7370D2BE-90D3-4EAB-B795-EE013198520F}.Debug|Any CPU.ActiveCfg = Debug|Any CPU
		{7370D2BE-90D3-4EAB-B795-EE013198520F}.Debug|Any CPU.Build.0 = Debug|Any CPU
		{7370D2BE-90D3-4EAB-B795-EE013198520F}.Release|Any CPU.ActiveCfg = Release|Any CPU
		{7370D2BE-90D3-4EAB-B795-EE013198520F}.Release|Any CPU.Build.0 = Release|Any CPU
		{53D0A118-6879-452B-BEED-35809CE5F9F6}.Debug|Any CPU.ActiveCfg = Debug|Any CPU
		{53D0A118-6879-452B-BEED-35809CE5F9F6}.Debug|Any CPU.Build.0 = Debug|Any CPU
		{53D0A118-6879-452B-BEED-35809CE5F9F6}.Release|Any CPU.ActiveCfg = Release|Any CPU
		{53D0A118-6879-452B-BEED-35809CE5F9F6}.Release|Any CPU.Build.0 = Release|Any CPU
		{7E4A00E0-1708-4879-B44A-9DE73A6F50F5}.Debug|Any CPU.ActiveCfg = Debug|Any CPU
		{7E4A00E0-1708-4879-B44A-9DE73A6F50F5}.Debug|Any CPU.Build.0 = Debug|Any CPU
		{7E4A00E0-1708-4879-B44A-9DE73A6F50F5}.Release|Any CPU.ActiveCfg = Release|Any CPU
		{7E4A00E0-1708-4879-B44A-9DE73A6F50F5}.Release|Any CPU.Build.0 = Release|Any CPU
		{9C99CD2E-DC0F-44B9-B6CB-B80480B690F1}.Debug|Any CPU.ActiveCfg = Debug|Any CPU
		{9C99CD2E-DC0F-44B9-B6CB-B80480B690F1}.Debug|Any CPU.Build.0 = Debug|Any CPU
		{9C99CD2E-DC0F-44B9-B6CB-B80480B690F1}.Release|Any CPU.ActiveCfg = Release|Any CPU
		{9C99CD2E-DC0F-44B9-B6CB-B80480B690F1}.Release|Any CPU.Build.0 = Release|Any CPU
		{8D59463B-1DFD-4088-A057-9963EBB379CB}.Debug|Any CPU.ActiveCfg = Debug|Any CPU
		{8D59463B-1DFD-4088-A057-9963EBB379CB}.Debug|Any CPU.Build.0 = Debug|Any CPU
		{8D59463B-1DFD-4088-A057-9963EBB379CB}.Release|Any CPU.ActiveCfg = Release|Any CPU
		{8D59463B-1DFD-4088-A057-9963EBB379CB}.Release|Any CPU.Build.0 = Release|Any CPU
		{91A234F5-93B2-4573-8A26-84C17C27CF79}.Debug|Any CPU.ActiveCfg = Debug|Any CPU
		{91A234F5-93B2-4573-8A26-84C17C27CF79}.Debug|Any CPU.Build.0 = Debug|Any CPU
		{91A234F5-93B2-4573-8A26-84C17C27CF79}.Release|Any CPU.ActiveCfg = Release|Any CPU
		{91A234F5-93B2-4573-8A26-84C17C27CF79}.Release|Any CPU.Build.0 = Release|Any CPU
		{47AC7BDA-FBBC-43AA-8691-D49C0919FD3A}.Debug|Any CPU.ActiveCfg = Debug|Any CPU
		{47AC7BDA-FBBC-43AA-8691-D49C0919FD3A}.Debug|Any CPU.Build.0 = Debug|Any CPU
		{47AC7BDA-FBBC-43AA-8691-D49C0919FD3A}.Release|Any CPU.ActiveCfg = Release|Any CPU
		{47AC7BDA-FBBC-43AA-8691-D49C0919FD3A}.Release|Any CPU.Build.0 = Release|Any CPU
		{EA6CAEAB-B0EB-43E4-B146-15842C87CADC}.Debug|Any CPU.ActiveCfg = Debug|Any CPU
		{EA6CAEAB-B0EB-43E4-B146-15842C87CADC}.Debug|Any CPU.Build.0 = Debug|Any CPU
		{EA6CAEAB-B0EB-43E4-B146-15842C87CADC}.Release|Any CPU.ActiveCfg = Release|Any CPU
		{EA6CAEAB-B0EB-43E4-B146-15842C87CADC}.Release|Any CPU.Build.0 = Release|Any CPU
		{24D93FFC-8644-496A-BDC0-7C8DB7995870}.Debug|Any CPU.ActiveCfg = Debug|Any CPU
		{24D93FFC-8644-496A-BDC0-7C8DB7995870}.Debug|Any CPU.Build.0 = Debug|Any CPU
		{24D93FFC-8644-496A-BDC0-7C8DB7995870}.Release|Any CPU.ActiveCfg = Release|Any CPU
		{24D93FFC-8644-496A-BDC0-7C8DB7995870}.Release|Any CPU.Build.0 = Release|Any CPU
		{883BC712-8CCD-4A44-A7DB-54C7BF837411}.Debug|Any CPU.ActiveCfg = Debug|Any CPU
		{883BC712-8CCD-4A44-A7DB-54C7BF837411}.Debug|Any CPU.Build.0 = Debug|Any CPU
		{883BC712-8CCD-4A44-A7DB-54C7BF837411}.Release|Any CPU.ActiveCfg = Release|Any CPU
		{883BC712-8CCD-4A44-A7DB-54C7BF837411}.Release|Any CPU.Build.0 = Release|Any CPU
		{8702BB72-5D37-42E6-B846-ED2FF1C06578}.Debug|Any CPU.ActiveCfg = Debug|Any CPU
		{8702BB72-5D37-42E6-B846-ED2FF1C06578}.Debug|Any CPU.Build.0 = Debug|Any CPU
		{8702BB72-5D37-42E6-B846-ED2FF1C06578}.Release|Any CPU.ActiveCfg = Release|Any CPU
		{8702BB72-5D37-42E6-B846-ED2FF1C06578}.Release|Any CPU.Build.0 = Release|Any CPU
		{58FD3310-10A2-452A-BFD2-0C9A51A920D1}.Debug|Any CPU.ActiveCfg = Debug|Any CPU
		{58FD3310-10A2-452A-BFD2-0C9A51A920D1}.Debug|Any CPU.Build.0 = Debug|Any CPU
		{58FD3310-10A2-452A-BFD2-0C9A51A920D1}.Release|Any CPU.ActiveCfg = Release|Any CPU
		{58FD3310-10A2-452A-BFD2-0C9A51A920D1}.Release|Any CPU.Build.0 = Release|Any CPU
		{301E45B0-6E46-491A-8E97-0FF070CFEF5E}.Debug|Any CPU.ActiveCfg = Debug|Any CPU
		{301E45B0-6E46-491A-8E97-0FF070CFEF5E}.Debug|Any CPU.Build.0 = Debug|Any CPU
		{301E45B0-6E46-491A-8E97-0FF070CFEF5E}.Release|Any CPU.ActiveCfg = Release|Any CPU
		{301E45B0-6E46-491A-8E97-0FF070CFEF5E}.Release|Any CPU.Build.0 = Release|Any CPU
		{76DDE2D3-83F7-440D-AD0F-FB4F7F5D7C6C}.Debug|Any CPU.ActiveCfg = Debug|Any CPU
		{76DDE2D3-83F7-440D-AD0F-FB4F7F5D7C6C}.Debug|Any CPU.Build.0 = Debug|Any CPU
		{76DDE2D3-83F7-440D-AD0F-FB4F7F5D7C6C}.Release|Any CPU.ActiveCfg = Release|Any CPU
		{76DDE2D3-83F7-440D-AD0F-FB4F7F5D7C6C}.Release|Any CPU.Build.0 = Release|Any CPU
		{4436AD6D-D9BB-4C2E-845E-B59D2F579505}.Debug|Any CPU.ActiveCfg = Debug|Any CPU
		{4436AD6D-D9BB-4C2E-845E-B59D2F579505}.Debug|Any CPU.Build.0 = Debug|Any CPU
		{4436AD6D-D9BB-4C2E-845E-B59D2F579505}.Release|Any CPU.ActiveCfg = Release|Any CPU
		{4436AD6D-D9BB-4C2E-845E-B59D2F579505}.Release|Any CPU.Build.0 = Release|Any CPU
	EndGlobalSection
	GlobalSection(SolutionProperties) = preSolution
		HideSolutionNode = FALSE
	EndGlobalSection
	GlobalSection(NestedProjects) = preSolution
		{4BC65E4C-63ED-4505-B7ED-7ACA79DC3E1B} = {6BEBA429-E2A6-47C1-A636-0CE3F28FF4C0}
		{7370D2BE-90D3-4EAB-B795-EE013198520F} = {A9AD819B-ABDE-4576-943D-C3F7C7DA01C2}
		{53D0A118-6879-452B-BEED-35809CE5F9F6} = {FE1DFB1D-427E-4C0B-903B-FD32CC377743}
		{7E4A00E0-1708-4879-B44A-9DE73A6F50F5} = {22CE1125-569A-468D-8D7F-84B8B668E457}
		{9C99CD2E-DC0F-44B9-B6CB-B80480B690F1} = {FE1DFB1D-427E-4C0B-903B-FD32CC377743}
		{8D59463B-1DFD-4088-A057-9963EBB379CB} = {4CB0E9D1-9DB6-4473-A873-4CB9188B5FB3}
		{91A234F5-93B2-4573-8A26-84C17C27CF79} = {22CE1125-569A-468D-8D7F-84B8B668E457}
		{47AC7BDA-FBBC-43AA-8691-D49C0919FD3A} = {A9AD819B-ABDE-4576-943D-C3F7C7DA01C2}
		{EA6CAEAB-B0EB-43E4-B146-15842C87CADC} = {4CB0E9D1-9DB6-4473-A873-4CB9188B5FB3}
		{24D93FFC-8644-496A-BDC0-7C8DB7995870} = {22CE1125-569A-468D-8D7F-84B8B668E457}
		{883BC712-8CCD-4A44-A7DB-54C7BF837411} = {4CB0E9D1-9DB6-4473-A873-4CB9188B5FB3}
		{8702BB72-5D37-42E6-B846-ED2FF1C06578} = {4CB0E9D1-9DB6-4473-A873-4CB9188B5FB3}
		{58FD3310-10A2-452A-BFD2-0C9A51A920D1} = {FE1DFB1D-427E-4C0B-903B-FD32CC377743}
		{301E45B0-6E46-491A-8E97-0FF070CFEF5E} = {4CB0E9D1-9DB6-4473-A873-4CB9188B5FB3}
		{76DDE2D3-83F7-440D-AD0F-FB4F7F5D7C6C} = {4CB0E9D1-9DB6-4473-A873-4CB9188B5FB3}
		{4436AD6D-D9BB-4C2E-845E-B59D2F579505} = {A9AD819B-ABDE-4576-943D-C3F7C7DA01C2}
	EndGlobalSection
	GlobalSection(ExtensibilityGlobals) = postSolution
		SolutionGuid = {6D9E893D-861F-4746-BA5A-C2EA9AC16FC6}
	EndGlobalSection
EndGlobal
